
Microsoft Visual Studio Solution File, Format Version 12.00
# Visual Studio 15
VisualStudioVersion = 15.0.26430.13
MinimumVisualStudioVersion = 10.0.40219.1
Project("{FAE04EC0-301F-11D3-BF4B-00C04F79EFBC}") = "Stack", "Stack\Stack.csproj", "{C3247C6F-98CE-4373-A9CA-F924F42BF068}"
EndProject
Project("{FAE04EC0-301F-11D3-BF4B-00C04F79EFBC}") = "Stack_Generic", "Stack_Generic\Stack_Generic.csproj", "{29B4C5BD-1053-497E-AB5B-7374F4E5759F}"
EndProject
Global
	GlobalSection(SolutionConfigurationPlatforms) = preSolution
		Debug|Any CPU = Debug|Any CPU
		Release|Any CPU = Release|Any CPU
	EndGlobalSection
	GlobalSection(ProjectConfigurationPlatforms) = postSolution
		{C3247C6F-98CE-4373-A9CA-F924F42BF068}.Debug|Any CPU.ActiveCfg = Debug|Any CPU
		{C3247C6F-98CE-4373-A9CA-F924F42BF068}.Debug|Any CPU.Build.0 = Debug|Any CPU
		{C3247C6F-98CE-4373-A9CA-F924F42BF068}.Release|Any CPU.ActiveCfg = Release|Any CPU
		{C3247C6F-98CE-4373-A9CA-F924F42BF068}.Release|Any CPU.Build.0 = Release|Any CPU
		{29B4C5BD-1053-497E-AB5B-7374F4E5759F}.Debug|Any CPU.ActiveCfg = Debug|Any CPU
		{29B4C5BD-1053-497E-AB5B-7374F4E5759F}.Debug|Any CPU.Build.0 = Debug|Any CPU
		{29B4C5BD-1053-497E-AB5B-7374F4E5759F}.Release|Any CPU.ActiveCfg = Release|Any CPU
		{29B4C5BD-1053-497E-AB5B-7374F4E5759F}.Release|Any CPU.Build.0 = Release|Any CPU
	EndGlobalSection
	GlobalSection(SolutionProperties) = preSolution
		HideSolutionNode = FALSE
	EndGlobalSection
EndGlobal
